{
  "version": 4,
  "terraform_version": "1.7.2",
  "serial": 1,
  "lineage": "2c36e350-e0d2-09a7-b79b-06c68bb43129",
  "outputs": {
    "repo_url": {
      "value": "git@github.com:malikbenkirane/natsio.git",
      "type": "string"
    }
  },
  "resources": [
    {
      "module": "module.repo",
      "mode": "managed",
      "type": "github_repository",
      "name": "natsio",
      "provider": "provider[\"registry.opentofu.org/hashicorp/github\"]",
      "instances": [
        {
          "schema_version": 1,
          "attributes": {
            "allow_auto_merge": false,
            "allow_merge_commit": true,
            "allow_rebase_merge": true,
            "allow_squash_merge": true,
            "allow_update_branch": false,
            "archive_on_destroy": null,
            "archived": false,
            "auto_init": null,
            "default_branch": "main",
            "delete_branch_on_merge": false,
            "description": "",
            "etag": "W/\"8bbfec44792a53b73ecfd46ce71feaf6c67db5d1170d1ab37b0d61f7434cf792\"",
            "full_name": "malikbenkirane/natsio",
            "git_clone_url": "git://github.com/malikbenkirane/natsio.git",
            "gitignore_template": null,
            "has_discussions": false,
            "has_downloads": false,
            "has_issues": false,
            "has_projects": false,
            "has_wiki": false,
            "homepage_url": "",
            "html_url": "https://github.com/malikbenkirane/natsio",
            "http_clone_url": "https://github.com/malikbenkirane/natsio.git",
            "id": "natsio",
            "ignore_vulnerability_alerts_during_read": null,
            "is_template": false,
            "license_template": null,
            "merge_commit_message": "PR_TITLE",
            "merge_commit_title": "MERGE_MESSAGE",
            "name": "natsio",
            "node_id": "R_kgDON6GBgA",
            "pages": [],
            "primary_language": "",
            "private": false,
            "repo_id": 933331328,
            "security_and_analysis": [
              {
                "advanced_security": [],
                "secret_scanning": [
                  {
                    "status": "enabled"
                  }
                ],
                "secret_scanning_push_protection": [
                  {
                    "status": "enabled"
                  }
                ]
              }
            ],
            "squash_merge_commit_message": "COMMIT_MESSAGES",
            "squash_merge_commit_title": "COMMIT_OR_PR_TITLE",
            "ssh_clone_url": "git@github.com:malikbenkirane/natsio.git",
            "svn_url": "https://github.com/malikbenkirane/natsio",
            "template": [],
            "topics": [],
            "visibility": "public",
            "vulnerability_alerts": false,
            "web_commit_signoff_required": false
          },
          "sensitive_attributes": [],
          "private": "eyJzY2hlbWFfdmVyc2lvbiI6IjEifQ=="
        }
      ]
    }
  ],
  "check_results": null
}
